
Microsoft Visual Studio Solution File, Format Version 12.00
# Visual Studio 15
VisualStudioVersion = 15.0.28307.438
MinimumVisualStudioVersion = 10.0.40219.1
Project("{9A19103F-16F7-4668-BE54-9A1E7A4F7556}") = "Inkit", "src\Inkit\Inkit.csproj", "{7620BB1A-CB11-4CD7-B73A-EE2BD1B79894}"
EndProject
Project("{FAE04EC0-301F-11D3-BF4B-00C04F79EFBC}") = "Inkit.Tests", "Inkit.Tests\Inkit.Tests.csproj", "{2FC85789-DDF5-4BC1-BCAF-995288F71D65}"
EndProject
Global
	GlobalSection(SolutionConfigurationPlatforms) = preSolution
		Debug|Any CPU = Debug|Any CPU
		Release|Any CPU = Release|Any CPU
	EndGlobalSection
	GlobalSection(ProjectConfigurationPlatforms) = postSolution
		{7620BB1A-CB11-4CD7-B73A-EE2BD1B79894}.Debug|Any CPU.ActiveCfg = Debug|Any CPU
		{7620BB1A-CB11-4CD7-B73A-EE2BD1B79894}.Debug|Any CPU.Build.0 = Debug|Any CPU
		{7620BB1A-CB11-4CD7-B73A-EE2BD1B79894}.Release|Any CPU.ActiveCfg = Release|Any CPU
		{7620BB1A-CB11-4CD7-B73A-EE2BD1B79894}.Release|Any CPU.Build.0 = Release|Any CPU
		{2FC85789-DDF5-4BC1-BCAF-995288F71D65}.Debug|Any CPU.ActiveCfg = Debug|Any CPU
		{2FC85789-DDF5-4BC1-BCAF-995288F71D65}.Debug|Any CPU.Build.0 = Debug|Any CPU
		{2FC85789-DDF5-4BC1-BCAF-995288F71D65}.Release|Any CPU.ActiveCfg = Release|Any CPU
		{2FC85789-DDF5-4BC1-BCAF-995288F71D65}.Release|Any CPU.Build.0 = Release|Any CPU
	EndGlobalSection
	GlobalSection(SolutionProperties) = preSolution
		HideSolutionNode = FALSE
	EndGlobalSection
	GlobalSection(ExtensibilityGlobals) = postSolution
		SolutionGuid = {B1D7B2FF-1D62-4DA1-AADD-312E89B23D11}
	EndGlobalSection
EndGlobal
